// !$*UTF8*$!
{
	archiveVersion = 1;
	classes = {
	};
	objectVersion = 55;
	objects = {

/* Begin PBXBuildFile section */
		DF27BBEB281269E20007370C /* Todo.swift in Sources */ = {isa = PBXBuildFile; fileRef = DF27BBEA281269E20007370C /* Todo.swift */; };
		DF27BBED28126A5D0007370C /* APIError.swift in Sources */ = {isa = PBXBuildFile; fileRef = DF27BBEC28126A5D0007370C /* APIError.swift */; };
		DF27BBF028126ABE0007370C /* NetworkService.swift in Sources */ = {isa = PBXBuildFile; fileRef = DF27BBEF28126ABE0007370C /* NetworkService.swift */; };
		DFA20F96281172410071B89F /* AppDelegate.swift in Sources */ = {isa = PBXBuildFile; fileRef = DFA20F95281172410071B89F /* AppDelegate.swift */; };
		DFA20F98281172410071B89F /* SceneDelegate.swift in Sources */ = {isa = PBXBuildFile; fileRef = DFA20F97281172410071B89F /* SceneDelegate.swift */; };
		DFA20F9A281172410071B89F /* TodoVC.swift in Sources */ = {isa = PBXBuildFile; fileRef = DFA20F99281172410071B89F /* TodoVC.swift */; };
		DFA20F9D281172410071B89F /* Main.storyboard in Resources */ = {isa = PBXBuildFile; fileRef = DFA20F9B281172410071B89F /* Main.storyboard */; };
		DFA20F9F281172430071B89F /* Assets.xcassets in Resources */ = {isa = PBXBuildFile; fileRef = DFA20F9E281172430071B89F /* Assets.xcassets */; };
		DFA20FA2281172430071B89F /* LaunchScreen.storyboard in Resources */ = {isa = PBXBuildFile; fileRef = DFA20FA0281172430071B89F /* LaunchScreen.storyboard */; };
		DFDBA66028126274001B23BD /* TodoCell.swift in Sources */ = {isa = PBXBuildFile; fileRef = DFDBA65F28126274001B23BD /* TodoCell.swift */; };
/* End PBXBuildFile section */

/* Begin PBXFileReference section */
		DF27BBEA281269E20007370C /* Todo.swift */ = {isa = PBXFileReference; lastKnownFileType = sourcecode.swift; path = Todo.swift; sourceTree = "<group>"; };
		DF27BBEC28126A5D0007370C /* APIError.swift */ = {isa = PBXFileReference; lastKnownFileType = sourcecode.swift; path = APIError.swift; sourceTree = "<group>"; };
		DF27BBEF28126ABE0007370C /* NetworkService.swift */ = {isa = PBXFileReference; lastKnownFileType = sourcecode.swift; path = NetworkService.swift; sourceTree = "<group>"; };
		DFA20F92281172410071B89F /* ToDo-App.app */ = {isa = PBXFileReference; explicitFileType = wrapper.application; includeInIndex = 0; path = "ToDo-App.app"; sourceTree = BUILT_PRODUCTS_DIR; };
		DFA20F95281172410071B89F /* AppDelegate.swift */ = {isa = PBXFileReference; lastKnownFileType = sourcecode.swift; path = AppDelegate.swift; sourceTree = "<group>"; };
		DFA20F97281172410071B89F /* SceneDelegate.swift */ = {isa = PBXFileReference; lastKnownFileType = sourcecode.swift; path = SceneDelegate.swift; sourceTree = "<group>"; };
		DFA20F99281172410071B89F /* TodoVC.swift */ = {isa = PBXFileReference; lastKnownFileType = sourcecode.swift; path = TodoVC.swift; sourceTree = "<group>"; };
		DFA20F9C281172410071B89F /* Base */ = {isa = PBXFileReference; lastKnownFileType = file.storyboard; name = Base; path = Base.lproj/Main.storyboard; sourceTree = "<group>"; };
		DFA20F9E281172430071B89F /* Assets.xcassets */ = {isa = PBXFileReference; lastKnownFileType = folder.assetcatalog; path = Assets.xcassets; sourceTree = "<group>"; };
		DFA20FA1281172430071B89F /* Base */ = {isa = PBXFileReference; lastKnownFileType = file.storyboard; name = Base; path = Base.lproj/LaunchScreen.storyboard; sourceTree = "<group>"; };
		DFA20FA3281172430071B89F /* Info.plist */ = {isa = PBXFileReference; lastKnownFileType = text.plist.xml; path = Info.plist; sourceTree = "<group>"; };
		DFDBA65F28126274001B23BD /* TodoCell.swift */ = {isa = PBXFileReference; lastKnownFileType = sourcecode.swift; path = TodoCell.swift; sourceTree = "<group>"; };
/* End PBXFileReference section */

/* Begin PBXFrameworksBuildPhase section */
		DFA20F8F281172410071B89F /* Frameworks */ = {
			isa = PBXFrameworksBuildPhase;
			buildActionMask = 2147483647;
			files = (
			);
			runOnlyForDeploymentPostprocessing = 0;
		};
/* End PBXFrameworksBuildPhase section */

/* Begin PBXGroup section */
		DF27BBEE28126AA30007370C /* Services */ = {
			isa = PBXGroup;
			children = (
				DF27BBEF28126ABE0007370C /* NetworkService.swift */,
			);
			path = Services;
			sourceTree = "<group>";
		};
		DFA20F89281172410071B89F = {
			isa = PBXGroup;
			children = (
				DFA20F94281172410071B89F /* ToDo-App */,
				DFA20F93281172410071B89F /* Products */,
			);
			sourceTree = "<group>";
		};
		DFA20F93281172410071B89F /* Products */ = {
			isa = PBXGroup;
			children = (
				DFA20F92281172410071B89F /* ToDo-App.app */,
			);
			name = Products;
			sourceTree = "<group>";
		};
		DFA20F94281172410071B89F /* ToDo-App */ = {
			isa = PBXGroup;
			children = (
				DF27BBEE28126AA30007370C /* Services */,
				DFDBA65E281261B6001B23BD /* Model */,
				DFDBA65D281261AB001B23BD /* View */,
				DFDBA65C28126192001B23BD /* Controller */,
				DFA20F95281172410071B89F /* AppDelegate.swift */,
				DFA20F97281172410071B89F /* SceneDelegate.swift */,
				DFA20F9B281172410071B89F /* Main.storyboard */,
				DFA20F9E281172430071B89F /* Assets.xcassets */,
				DFA20FA0281172430071B89F /* LaunchScreen.storyboard */,
				DFA20FA3281172430071B89F /* Info.plist */,
			);
			path = "ToDo-App";
			sourceTree = "<group>";
		};
		DFDBA65C28126192001B23BD /* Controller */ = {
			isa = PBXGroup;
			children = (
				DFA20F99281172410071B89F /* TodoVC.swift */,
			);
			path = Controller;
			sourceTree = "<group>";
		};
		DFDBA65D281261AB001B23BD /* View */ = {
			isa = PBXGroup;
			children = (
				DFDBA65F28126274001B23BD /* TodoCell.swift */,
			);
			path = View;
			sourceTree = "<group>";
		};
		DFDBA65E281261B6001B23BD /* Model */ = {
			isa = PBXGroup;
			children = (
				DF27BBEA281269E20007370C /* Todo.swift */,
				DF27BBEC28126A5D0007370C /* APIError.swift */,
			);
			path = Model;
			sourceTree = "<group>";
		};
/* End PBXGroup section */

/* Begin PBXNativeTarget section */
		DFA20F91281172410071B89F /* ToDo-App */ = {
			isa = PBXNativeTarget;
			buildConfigurationList = DFA20FA6281172430071B89F /* Build configuration list for PBXNativeTarget "ToDo-App" */;
			buildPhases = (
				DFA20F8E281172410071B89F /* Sources */,
				DFA20F8F281172410071B89F /* Frameworks */,
				DFA20F90281172410071B89F /* Resources */,
			);
			buildRules = (
			);
			dependencies = (
			);
			name = "ToDo-App";
			productName = "ToDo-App";
			productReference = DFA20F92281172410071B89F /* ToDo-App.app */;
			productType = "com.apple.product-type.application";
		};
/* End PBXNativeTarget section */

/* Begin PBXProject section */
		DFA20F8A281172410071B89F /* Project object */ = {
			isa = PBXProject;
			attributes = {
				BuildIndependentTargetsInParallel = 1;
				LastSwiftUpdateCheck = 1330;
				LastUpgradeCheck = 1330;
				TargetAttributes = {
					DFA20F91281172410071B89F = {
						CreatedOnToolsVersion = 13.3.1;
					};
				};
			};
			buildConfigurationList = DFA20F8D281172410071B89F /* Build configuration list for PBXProject "ToDo-App" */;
			compatibilityVersion = "Xcode 13.0";
			developmentRegion = en;
			hasScannedForEncodings = 0;
			knownRegions = (
				en,
				Base,
			);
			mainGroup = DFA20F89281172410071B89F;
			productRefGroup = DFA20F93281172410071B89F /* Products */;
			projectDirPath = "";
			projectRoot = "";
			targets = (
				DFA20F91281172410071B89F /* ToDo-App */,
			);
		};
/* End PBXProject section */

/* Begin PBXResourcesBuildPhase section */
		DFA20F90281172410071B89F /* Resources */ = {
			isa = PBXResourcesBuildPhase;
			buildActionMask = 2147483647;
			files = (
				DFA20FA2281172430071B89F /* LaunchScreen.storyboard in Resources */,
				DFA20F9F281172430071B89F /* Assets.xcassets in Resources */,
				DFA20F9D281172410071B89F /* Main.storyboard in Resources */,
			);
			runOnlyForDeploymentPostprocessing = 0;
		};
/* End PBXResourcesBuildPhase section */

/* Begin PBXSourcesBuildPhase section */
		DFA20F8E281172410071B89F /* Sources */ = {
			isa = PBXSourcesBuildPhase;
			buildActionMask = 2147483647;
			files = (
				DFA20F9A281172410071B89F /* TodoVC.swift in Sources */,
				DFA20F96281172410071B89F /* AppDelegate.swift in Sources */,
				DFA20F98281172410071B89F /* SceneDelegate.swift in Sources */,
				DFDBA66028126274001B23BD /* TodoCell.swift in Sources */,
				DF27BBEB281269E20007370C /* Todo.swift in Sources */,
				DF27BBED28126A5D0007370C /* APIError.swift in Sources */,
				DF27BBF028126ABE0007370C /* NetworkService.swift in Sources */,
			);
			runOnlyForDeploymentPostprocessing = 0;
		};
/* End PBXSourcesBuildPhase section */

/* Begin PBXVariantGroup section */
		DFA20F9B281172410071B89F /* Main.storyboard */ = {
			isa = PBXVariantGroup;
			children = (
				DFA20F9C281172410071B89F /* Base */,
			);
			name = Main.storyboard;
			sourceTree = "<group>";
		};
		DFA20FA0281172430071B89F /* LaunchScreen.storyboard */ = {
			isa = PBXVariantGroup;
			children = (
				DFA20FA1281172430071B89F /* Base */,
			);
			name = LaunchScreen.storyboard;
			sourceTree = "<group>";
		};
/* End PBXVariantGroup section */

/* Begin XCBuildConfiguration section */
		DFA20FA4281172430071B89F /* Debug */ = {
			isa = XCBuildConfiguration;
			buildSettings = {
				ALWAYS_SEARCH_USER_PATHS = NO;
				CLANG_ANALYZER_NONNULL = YES;
				CLANG_ANALYZER_NUMBER_OBJECT_CONVERSION = YES_AGGRESSIVE;
				CLANG_CXX_LANGUAGE_STANDARD = "gnu++17";
				CLANG_ENABLE_MODULES = YES;
				CLANG_ENABLE_OBJC_ARC = YES;
				CLANG_ENABLE_OBJC_WEAK = YES;
				CLANG_WARN_BLOCK_CAPTURE_AUTORELEASING = YES;
				CLANG_WARN_BOOL_CONVERSION = YES;
				CLANG_WARN_COMMA = YES;
				CLANG_WARN_CONSTANT_CONVERSION = YES;
				CLANG_WARN_DEPRECATED_OBJC_IMPLEMENTATIONS = YES;
				CLANG_WARN_DIRECT_OBJC_ISA_USAGE = YES_ERROR;
				CLANG_WARN_DOCUMENTATION_COMMENTS = YES;
				CLANG_WARN_EMPTY_BODY = YES;
				CLANG_WARN_ENUM_CONVERSION = YES;
				CLANG_WARN_INFINITE_RECURSION = YES;
				CLANG_WARN_INT_CONVERSION = YES;
				CLANG_WARN_NON_LITERAL_NULL_CONVERSION = YES;
				CLANG_WARN_OBJC_IMPLICIT_RETAIN_SELF = YES;
				CLANG_WARN_OBJC_LITERAL_CONVERSION = YES;
				CLANG_WARN_OBJC_ROOT_CLASS = YES_ERROR;
				CLANG_WARN_QUOTED_INCLUDE_IN_FRAMEWORK_HEADER = YES;
				CLANG_WARN_RANGE_LOOP_ANALYSIS = YES;
				CLANG_WARN_STRICT_PROTOTYPES = YES;
				CLANG_WARN_SUSPICIOUS_MOVE = YES;
				CLANG_WARN_UNGUARDED_AVAILABILITY = YES_AGGRESSIVE;
				CLANG_WARN_UNREACHABLE_CODE = YES;
				CLANG_WARN__DUPLICATE_METHOD_MATCH = YES;
				COPY_PHASE_STRIP = NO;
				DEBUG_INFORMATION_FORMAT = dwarf;
				ENABLE_STRICT_OBJC_MSGSEND = YES;
				ENABLE_TESTABILITY = YES;
				GCC_C_LANGUAGE_STANDARD = gnu11;
				GCC_DYNAMIC_NO_PIC = NO;
				GCC_NO_COMMON_BLOCKS = YES;
				GCC_OPTIMIZATION_LEVEL = 0;
				GCC_PREPROCESSOR_DEFINITIONS = (
					"DEBUG=1",
					"$(inherited)",
				);
				GCC_WARN_64_TO_32_BIT_CONVERSION = YES;
				GCC_WARN_ABOUT_RETURN_TYPE = YES_ERROR;
				GCC_WARN_UNDECLARED_SELECTOR = YES;
				GCC_WARN_UNINITIALIZED_AUTOS = YES_AGGRESSIVE;
				GCC_WARN_UNUSED_FUNCTION = YES;
				GCC_WARN_UNUSED_VARIABLE = YES;
				IPHONEOS_DEPLOYMENT_TARGET = 15.4;
				MTL_ENABLE_DEBUG_INFO = INCLUDE_SOURCE;
				MTL_FAST_MATH = YES;
				ONLY_ACTIVE_ARCH = YES;
				SDKROOT = iphoneos;
				SWIFT_ACTIVE_COMPILATION_CONDITIONS = DEBUG;
				SWIFT_OPTIMIZATION_LEVEL = "-Onone";
			};
			name = Debug;
		};
		DFA20FA5281172430071B89F /* Release */ = {
			isa = XCBuildConfiguration;
			buildSettings = {
				ALWAYS_SEARCH_USER_PATHS = NO;
				CLANG_ANALYZER_NONNULL = YES;
				CLANG_ANALYZER_NUMBER_OBJECT_CONVERSION = YES_AGGRESSIVE;
				CLANG_CXX_LANGUAGE_STANDARD = "gnu++17";
				CLANG_ENABLE_MODULES = YES;
				CLANG_ENABLE_OBJC_ARC = YES;
				CLANG_ENABLE_OBJC_WEAK = YES;
				CLANG_WARN_BLOCK_CAPTURE_AUTORELEASING = YES;
				CLANG_WARN_BOOL_CONVERSION = YES;
				CLANG_WARN_COMMA = YES;
				CLANG_WARN_CONSTANT_CONVERSION = YES;
				CLANG_WARN_DEPRECATED_OBJC_IMPLEMENTATIONS = YES;
				CLANG_WARN_DIRECT_OBJC_ISA_USAGE = YES_ERROR;
				CLANG_WARN_DOCUMENTATION_COMMENTS = YES;
				CLANG_WARN_EMPTY_BODY = YES;
				CLANG_WARN_ENUM_CONVERSION = YES;
				CLANG_WARN_INFINITE_RECURSION = YES;
				CLANG_WARN_INT_CONVERSION = YES;
				CLANG_WARN_NON_LITERAL_NULL_CONVERSION = YES;
				CLANG_WARN_OBJC_IMPLICIT_RETAIN_SELF = YES;
				CLANG_WARN_OBJC_LITERAL_CONVERSION = YES;
				CLANG_WARN_OBJC_ROOT_CLASS = YES_ERROR;
				CLANG_WARN_QUOTED_INCLUDE_IN_FRAMEWORK_HEADER = YES;
				CLANG_WARN_RANGE_LOOP_ANALYSIS = YES;
				CLANG_WARN_STRICT_PROTOTYPES = YES;
				CLANG_WARN_SUSPICIOUS_MOVE = YES;
				CLANG_WARN_UNGUARDED_AVAILABILITY = YES_AGGRESSIVE;
				CLANG_WARN_UNREACHABLE_CODE = YES;
				CLANG_WARN__DUPLICATE_METHOD_MATCH = YES;
				COPY_PHASE_STRIP = NO;
				DEBUG_INFORMATION_FORMAT = "dwarf-with-dsym";
				ENABLE_NS_ASSERTIONS = NO;
				ENABLE_STRICT_OBJC_MSGSEND = YES;
				GCC_C_LANGUAGE_STANDARD = gnu11;
				GCC_NO_COMMON_BLOCKS = YES;
				GCC_WARN_64_TO_32_BIT_CONVERSION = YES;
				GCC_WARN_ABOUT_RETURN_TYPE = YES_ERROR;
				GCC_WARN_UNDECLARED_SELECTOR = YES;
				GCC_WARN_UNINITIALIZED_AUTOS = YES_AGGRESSIVE;
				GCC_WARN_UNUSED_FUNCTION = YES;
				GCC_WARN_UNUSED_VARIABLE = YES;
				IPHONEOS_DEPLOYMENT_TARGET = 15.4;
				MTL_ENABLE_DEBUG_INFO = NO;
				MTL_FAST_MATH = YES;
				SDKROOT = iphoneos;
				SWIFT_COMPILATION_MODE = wholemodule;
				SWIFT_OPTIMIZATION_LEVEL = "-O";
				VALIDATE_PRODUCT = YES;
			};
			name = Release;
		};
		DFA20FA7281172430071B89F /* Debug */ = {
			isa = XCBuildConfiguration;
			buildSettings = {
				ASSETCATALOG_COMPILER_APPICON_NAME = AppIcon;
				ASSETCATALOG_COMPILER_GLOBAL_ACCENT_COLOR_NAME = AccentColor;
				CODE_SIGN_STYLE = Automatic;
				CURRENT_PROJECT_VERSION = 1;
				DEVELOPMENT_TEAM = ZY9DNBTZ6S;
				GENERATE_INFOPLIST_FILE = YES;
				INFOPLIST_FILE = "ToDo-App/Info.plist";
				INFOPLIST_KEY_UIApplicationSupportsIndirectInputEvents = YES;
				INFOPLIST_KEY_UILaunchStoryboardName = LaunchScreen;
				INFOPLIST_KEY_UIMainStoryboardFile = Main;
				INFOPLIST_KEY_UISupportedInterfaceOrientations_iPad = "UIInterfaceOrientationPortrait UIInterfaceOrientationPortraitUpsideDown UIInterfaceOrientationLandscapeLeft UIInterfaceOrientationLandscapeRight";
				INFOPLIST_KEY_UISupportedInterfaceOrientations_iPhone = "UIInterfaceOrientationPortrait UIInterfaceOrientationLandscapeLeft UIInterfaceOrientationLandscapeRight";
				LD_RUNPATH_SEARCH_PATHS = (
					"$(inherited)",
					"@executable_path/Frameworks",
				);
				MARKETING_VERSION = 1.0;
				PRODUCT_BUNDLE_IDENTIFIER = "com.jadson.ToDo-App";
				PRODUCT_NAME = "$(TARGET_NAME)";
				SWIFT_EMIT_LOC_STRINGS = YES;
				SWIFT_VERSION = 5.0;
				TARGETED_DEVICE_FAMILY = "1,2";
			};
			name = Debug;
		};
		DFA20FA8281172430071B89F /* Release */ = {
			isa = XCBuildConfiguration;
			buildSettings = {
				ASSETCATALOG_COMPILER_APPICON_NAME = AppIcon;
				ASSETCATALOG_COMPILER_GLOBAL_ACCENT_COLOR_NAME = AccentColor;
				CODE_SIGN_STYLE = Automatic;
				CURRENT_PROJECT_VERSION = 1;
				DEVELOPMENT_TEAM = ZY9DNBTZ6S;
				GENERATE_INFOPLIST_FILE = YES;
				INFOPLIST_FILE = "ToDo-App/Info.plist";
				INFOPLIST_KEY_UIApplicationSupportsIndirectInputEvents = YES;
				INFOPLIST_KEY_UILaunchStoryboardName = LaunchScreen;
				INFOPLIST_KEY_UIMainStoryboardFile = Main;
				INFOPLIST_KEY_UISupportedInterfaceOrientations_iPad = "UIInterfaceOrientationPortrait UIInterfaceOrientationPortraitUpsideDown UIInterfaceOrientationLandscapeLeft UIInterfaceOrientationLandscapeRight";
				INFOPLIST_KEY_UISupportedInterfaceOrientations_iPhone = "UIInterfaceOrientationPortrait UIInterfaceOrientationLandscapeLeft UIInterfaceOrientationLandscapeRight";
				LD_RUNPATH_SEARCH_PATHS = (
					"$(inherited)",
					"@executable_path/Frameworks",
				);
				MARKETING_VERSION = 1.0;
				PRODUCT_BUNDLE_IDENTIFIER = "com.jadson.ToDo-App";
				PRODUCT_NAME = "$(TARGET_NAME)";
				SWIFT_EMIT_LOC_STRINGS = YES;
				SWIFT_VERSION = 5.0;
				TARGETED_DEVICE_FAMILY = "1,2";
			};
			name = Release;
		};
/* End XCBuildConfiguration section */

/* Begin XCConfigurationList section */
		DFA20F8D281172410071B89F /* Build configuration list for PBXProject "ToDo-App" */ = {
			isa = XCConfigurationList;
			buildConfigurations = (
				DFA20FA4281172430071B89F /* Debug */,
				DFA20FA5281172430071B89F /* Release */,
			);
			defaultConfigurationIsVisible = 0;
			defaultConfigurationName = Release;
		};
		DFA20FA6281172430071B89F /* Build configuration list for PBXNativeTarget "ToDo-App" */ = {
			isa = XCConfigurationList;
			buildConfigurations = (
				DFA20FA7281172430071B89F /* Debug */,
				DFA20FA8281172430071B89F /* Release */,
			);
			defaultConfigurationIsVisible = 0;
			defaultConfigurationName = Release;
		};
/* End XCConfigurationList section */
	};
	rootObject = DFA20F8A281172410071B89F /* Project object */;
}
